// !$*UTF8*$!
{
	archiveVersion = 1;
	classes = {
	};
	objectVersion = 56;
	objects = {

/* Begin PBXBuildFile section */
		5BE5433B2BD8B23100E3BE35 /* PlacesAIApp.swift in Sources */ = {isa = PBXBuildFile; fileRef = 5BE5433A2BD8B23100E3BE35 /* PlacesAIApp.swift */; };
		5BE5433D2BD8B23100E3BE35 /* ContentView.swift in Sources */ = {isa = PBXBuildFile; fileRef = 5BE5433C2BD8B23100E3BE35 /* ContentView.swift */; };
		5BE5433F2BD8B23500E3BE35 /* Assets.xcassets in Resources */ = {isa = PBXBuildFile; fileRef = 5BE5433E2BD8B23500E3BE35 /* Assets.xcassets */; };
		5BE543422BD8B23500E3BE35 /* Preview Assets.xcassets in Resources */ = {isa = PBXBuildFile; fileRef = 5BE543412BD8B23500E3BE35 /* Preview Assets.xcassets */; };
		5BE5434F2BD8B39700E3BE35 /* GoogleGenerativeAI in Frameworks */ = {isa = PBXBuildFile; productRef = 5BE5434E2BD8B39700E3BE35 /* GoogleGenerativeAI */; };
		5BE543522BD8B3C200E3BE35 /* Model.swift in Sources */ = {isa = PBXBuildFile; fileRef = 5BE543512BD8B3C200E3BE35 /* Model.swift */; };
		5BE543542BD8B56500E3BE35 /* Place.swift in Sources */ = {isa = PBXBuildFile; fileRef = 5BE543532BD8B56500E3BE35 /* Place.swift */; };
/* End PBXBuildFile section */

/* Begin PBXFileReference section */
		5BE543372BD8B23100E3BE35 /* PlacesAI.app */ = {isa = PBXFileReference; explicitFileType = wrapper.application; includeInIndex = 0; path = PlacesAI.app; sourceTree = BUILT_PRODUCTS_DIR; };
		5BE5433A2BD8B23100E3BE35 /* PlacesAIApp.swift */ = {isa = PBXFileReference; lastKnownFileType = sourcecode.swift; path = PlacesAIApp.swift; sourceTree = "<group>"; };
		5BE5433C2BD8B23100E3BE35 /* ContentView.swift */ = {isa = PBXFileReference; lastKnownFileType = sourcecode.swift; path = ContentView.swift; sourceTree = "<group>"; };
		5BE5433E2BD8B23500E3BE35 /* Assets.xcassets */ = {isa = PBXFileReference; lastKnownFileType = folder.assetcatalog; path = Assets.xcassets; sourceTree = "<group>"; };
		5BE543412BD8B23500E3BE35 /* Preview Assets.xcassets */ = {isa = PBXFileReference; lastKnownFileType = folder.assetcatalog; path = "Preview Assets.xcassets"; sourceTree = "<group>"; };
		5BE543512BD8B3C200E3BE35 /* Model.swift */ = {isa = PBXFileReference; lastKnownFileType = sourcecode.swift; path = Model.swift; sourceTree = "<group>"; };
		5BE543532BD8B56500E3BE35 /* Place.swift */ = {isa = PBXFileReference; lastKnownFileType = sourcecode.swift; path = Place.swift; sourceTree = "<group>"; };
/* End PBXFileReference section */

/* Begin PBXFrameworksBuildPhase section */
		5BE543342BD8B23100E3BE35 /* Frameworks */ = {
			isa = PBXFrameworksBuildPhase;
			buildActionMask = 2147483647;
			files = (
				5BE5434F2BD8B39700E3BE35 /* GoogleGenerativeAI in Frameworks */,
			);
			runOnlyForDeploymentPostprocessing = 0;
		};
/* End PBXFrameworksBuildPhase section */

/* Begin PBXGroup section */
		5BE5432E2BD8B23100E3BE35 = {
			isa = PBXGroup;
			children = (
				5BE543392BD8B23100E3BE35 /* PlacesAI */,
				5BE543382BD8B23100E3BE35 /* Products */,
			);
			sourceTree = "<group>";
		};
		5BE543382BD8B23100E3BE35 /* Products */ = {
			isa = PBXGroup;
			children = (
				5BE543372BD8B23100E3BE35 /* PlacesAI.app */,
			);
			name = Products;
			sourceTree = "<group>";
		};
		5BE543392BD8B23100E3BE35 /* PlacesAI */ = {
			isa = PBXGroup;
			children = (
				5BE5434C2BD8B26A00E3BE35 /* ViewModel */,
				5BE5434B2BD8B26000E3BE35 /* Resources */,
				5BE5434A2BD8B25400E3BE35 /* App */,
				5BE543492BD8B24F00E3BE35 /* Model */,
				5BE543482BD8B24400E3BE35 /* View */,
				5BE543402BD8B23500E3BE35 /* Preview Content */,
			);
			path = PlacesAI;
			sourceTree = "<group>";
		};
		5BE543402BD8B23500E3BE35 /* Preview Content */ = {
			isa = PBXGroup;
			children = (
				5BE543412BD8B23500E3BE35 /* Preview Assets.xcassets */,
			);
			path = "Preview Content";
			sourceTree = "<group>";
		};
		5BE543482BD8B24400E3BE35 /* View */ = {
			isa = PBXGroup;
			children = (
				5BE5433C2BD8B23100E3BE35 /* ContentView.swift */,
			);
			path = View;
			sourceTree = "<group>";
		};
		5BE543492BD8B24F00E3BE35 /* Model */ = {
			isa = PBXGroup;
			children = (
				5BE543512BD8B3C200E3BE35 /* Model.swift */,
				5BE543532BD8B56500E3BE35 /* Place.swift */,
			);
			path = Model;
			sourceTree = "<group>";
		};
		5BE5434A2BD8B25400E3BE35 /* App */ = {
			isa = PBXGroup;
			children = (
				5BE5433A2BD8B23100E3BE35 /* PlacesAIApp.swift */,
			);
			path = App;
			sourceTree = "<group>";
		};
		5BE5434B2BD8B26000E3BE35 /* Resources */ = {
			isa = PBXGroup;
			children = (
				5BE5433E2BD8B23500E3BE35 /* Assets.xcassets */,
			);
			path = Resources;
			sourceTree = "<group>";
		};
		5BE5434C2BD8B26A00E3BE35 /* ViewModel */ = {
			isa = PBXGroup;
			children = (
			);
			path = ViewModel;
			sourceTree = "<group>";
		};
/* End PBXGroup section */

/* Begin PBXNativeTarget section */
		5BE543362BD8B23100E3BE35 /* PlacesAI */ = {
			isa = PBXNativeTarget;
			buildConfigurationList = 5BE543452BD8B23500E3BE35 /* Build configuration list for PBXNativeTarget "PlacesAI" */;
			buildPhases = (
				5BE543332BD8B23100E3BE35 /* Sources */,
				5BE543342BD8B23100E3BE35 /* Frameworks */,
				5BE543352BD8B23100E3BE35 /* Resources */,
			);
			buildRules = (
			);
			dependencies = (
			);
			name = PlacesAI;
			packageProductDependencies = (
				5BE5434E2BD8B39700E3BE35 /* GoogleGenerativeAI */,
			);
			productName = PlacesAI;
			productReference = 5BE543372BD8B23100E3BE35 /* PlacesAI.app */;
			productType = "com.apple.product-type.application";
		};
/* End PBXNativeTarget section */

/* Begin PBXProject section */
		5BE5432F2BD8B23100E3BE35 /* Project object */ = {
			isa = PBXProject;
			attributes = {
				BuildIndependentTargetsInParallel = 1;
				LastSwiftUpdateCheck = 1530;
				LastUpgradeCheck = 1530;
				TargetAttributes = {
					5BE543362BD8B23100E3BE35 = {
						CreatedOnToolsVersion = 15.3;
					};
				};
			};
			buildConfigurationList = 5BE543322BD8B23100E3BE35 /* Build configuration list for PBXProject "PlacesAI" */;
			compatibilityVersion = "Xcode 14.0";
			developmentRegion = en;
			hasScannedForEncodings = 0;
			knownRegions = (
				en,
				Base,
			);
			mainGroup = 5BE5432E2BD8B23100E3BE35;
			packageReferences = (
				5BE5434D2BD8B39700E3BE35 /* XCRemoteSwiftPackageReference "generative-ai-swift" */,
			);
			productRefGroup = 5BE543382BD8B23100E3BE35 /* Products */;
			projectDirPath = "";
			projectRoot = "";
			targets = (
				5BE543362BD8B23100E3BE35 /* PlacesAI */,
			);
		};
/* End PBXProject section */

/* Begin PBXResourcesBuildPhase section */
		5BE543352BD8B23100E3BE35 /* Resources */ = {
			isa = PBXResourcesBuildPhase;
			buildActionMask = 2147483647;
			files = (
				5BE543422BD8B23500E3BE35 /* Preview Assets.xcassets in Resources */,
				5BE5433F2BD8B23500E3BE35 /* Assets.xcassets in Resources */,
			);
			runOnlyForDeploymentPostprocessing = 0;
		};
/* End PBXResourcesBuildPhase section */

/* Begin PBXSourcesBuildPhase section */
		5BE543332BD8B23100E3BE35 /* Sources */ = {
			isa = PBXSourcesBuildPhase;
			buildActionMask = 2147483647;
			files = (
				5BE543522BD8B3C200E3BE35 /* Model.swift in Sources */,
				5BE5433D2BD8B23100E3BE35 /* ContentView.swift in Sources */,
				5BE5433B2BD8B23100E3BE35 /* PlacesAIApp.swift in Sources */,
				5BE543542BD8B56500E3BE35 /* Place.swift in Sources */,
			);
			runOnlyForDeploymentPostprocessing = 0;
		};
/* End PBXSourcesBuildPhase section */

/* Begin XCBuildConfiguration section */
		5BE543432BD8B23500E3BE35 /* Debug */ = {
			isa = XCBuildConfiguration;
			buildSettings = {
				ALWAYS_SEARCH_USER_PATHS = NO;
				ASSETCATALOG_COMPILER_GENERATE_SWIFT_ASSET_SYMBOL_EXTENSIONS = YES;
				CLANG_ANALYZER_NONNULL = YES;
				CLANG_ANALYZER_NUMBER_OBJECT_CONVERSION = YES_AGGRESSIVE;
				CLANG_CXX_LANGUAGE_STANDARD = "gnu++20";
				CLANG_ENABLE_MODULES = YES;
				CLANG_ENABLE_OBJC_ARC = YES;
				CLANG_ENABLE_OBJC_WEAK = YES;
				CLANG_WARN_BLOCK_CAPTURE_AUTORELEASING = YES;
				CLANG_WARN_BOOL_CONVERSION = YES;
				CLANG_WARN_COMMA = YES;
				CLANG_WARN_CONSTANT_CONVERSION = YES;
				CLANG_WARN_DEPRECATED_OBJC_IMPLEMENTATIONS = YES;
				CLANG_WARN_DIRECT_OBJC_ISA_USAGE = YES_ERROR;
				CLANG_WARN_DOCUMENTATION_COMMENTS = YES;
				CLANG_WARN_EMPTY_BODY = YES;
				CLANG_WARN_ENUM_CONVERSION = YES;
				CLANG_WARN_INFINITE_RECURSION = YES;
				CLANG_WARN_INT_CONVERSION = YES;
				CLANG_WARN_NON_LITERAL_NULL_CONVERSION = YES;
				CLANG_WARN_OBJC_IMPLICIT_RETAIN_SELF = YES;
				CLANG_WARN_OBJC_LITERAL_CONVERSION = YES;
				CLANG_WARN_OBJC_ROOT_CLASS = YES_ERROR;
				CLANG_WARN_QUOTED_INCLUDE_IN_FRAMEWORK_HEADER = YES;
				CLANG_WARN_RANGE_LOOP_ANALYSIS = YES;
				CLANG_WARN_STRICT_PROTOTYPES = YES;
				CLANG_WARN_SUSPICIOUS_MOVE = YES;
				CLANG_WARN_UNGUARDED_AVAILABILITY = YES_AGGRESSIVE;
				CLANG_WARN_UNREACHABLE_CODE = YES;
				CLANG_WARN__DUPLICATE_METHOD_MATCH = YES;
				COPY_PHASE_STRIP = NO;
				DEBUG_INFORMATION_FORMAT = dwarf;
				ENABLE_STRICT_OBJC_MSGSEND = YES;
				ENABLE_TESTABILITY = YES;
				ENABLE_USER_SCRIPT_SANDBOXING = YES;
				GCC_C_LANGUAGE_STANDARD = gnu17;
				GCC_DYNAMIC_NO_PIC = NO;
				GCC_NO_COMMON_BLOCKS = YES;
				GCC_OPTIMIZATION_LEVEL = 0;
				GCC_PREPROCESSOR_DEFINITIONS = (
					"DEBUG=1",
					"$(inherited)",
				);
				GCC_WARN_64_TO_32_BIT_CONVERSION = YES;
				GCC_WARN_ABOUT_RETURN_TYPE = YES_ERROR;
				GCC_WARN_UNDECLARED_SELECTOR = YES;
				GCC_WARN_UNINITIALIZED_AUTOS = YES_AGGRESSIVE;
				GCC_WARN_UNUSED_FUNCTION = YES;
				GCC_WARN_UNUSED_VARIABLE = YES;
				IPHONEOS_DEPLOYMENT_TARGET = 17.4;
				LOCALIZATION_PREFERS_STRING_CATALOGS = YES;
				MTL_ENABLE_DEBUG_INFO = INCLUDE_SOURCE;
				MTL_FAST_MATH = YES;
				ONLY_ACTIVE_ARCH = YES;
				SDKROOT = iphoneos;
				SWIFT_ACTIVE_COMPILATION_CONDITIONS = "DEBUG $(inherited)";
				SWIFT_OPTIMIZATION_LEVEL = "-Onone";
			};
			name = Debug;
		};
		5BE543442BD8B23500E3BE35 /* Release */ = {
			isa = XCBuildConfiguration;
			buildSettings = {
				ALWAYS_SEARCH_USER_PATHS = NO;
				ASSETCATALOG_COMPILER_GENERATE_SWIFT_ASSET_SYMBOL_EXTENSIONS = YES;
				CLANG_ANALYZER_NONNULL = YES;
				CLANG_ANALYZER_NUMBER_OBJECT_CONVERSION = YES_AGGRESSIVE;
				CLANG_CXX_LANGUAGE_STANDARD = "gnu++20";
				CLANG_ENABLE_MODULES = YES;
				CLANG_ENABLE_OBJC_ARC = YES;
				CLANG_ENABLE_OBJC_WEAK = YES;
				CLANG_WARN_BLOCK_CAPTURE_AUTORELEASING = YES;
				CLANG_WARN_BOOL_CONVERSION = YES;
				CLANG_WARN_COMMA = YES;
				CLANG_WARN_CONSTANT_CONVERSION = YES;
				CLANG_WARN_DEPRECATED_OBJC_IMPLEMENTATIONS = YES;
				CLANG_WARN_DIRECT_OBJC_ISA_USAGE = YES_ERROR;
				CLANG_WARN_DOCUMENTATION_COMMENTS = YES;
				CLANG_WARN_EMPTY_BODY = YES;
				CLANG_WARN_ENUM_CONVERSION = YES;
				CLANG_WARN_INFINITE_RECURSION = YES;
				CLANG_WARN_INT_CONVERSION = YES;
				CLANG_WARN_NON_LITERAL_NULL_CONVERSION = YES;
				CLANG_WARN_OBJC_IMPLICIT_RETAIN_SELF = YES;
				CLANG_WARN_OBJC_LITERAL_CONVERSION = YES;
				CLANG_WARN_OBJC_ROOT_CLASS = YES_ERROR;
				CLANG_WARN_QUOTED_INCLUDE_IN_FRAMEWORK_HEADER = YES;
				CLANG_WARN_RANGE_LOOP_ANALYSIS = YES;
				CLANG_WARN_STRICT_PROTOTYPES = YES;
				CLANG_WARN_SUSPICIOUS_MOVE = YES;
				CLANG_WARN_UNGUARDED_AVAILABILITY = YES_AGGRESSIVE;
				CLANG_WARN_UNREACHABLE_CODE = YES;
				CLANG_WARN__DUPLICATE_METHOD_MATCH = YES;
				COPY_PHASE_STRIP = NO;
				DEBUG_INFORMATION_FORMAT = "dwarf-with-dsym";
				ENABLE_NS_ASSERTIONS = NO;
				ENABLE_STRICT_OBJC_MSGSEND = YES;
				ENABLE_USER_SCRIPT_SANDBOXING = YES;
				GCC_C_LANGUAGE_STANDARD = gnu17;
				GCC_NO_COMMON_BLOCKS = YES;
				GCC_WARN_64_TO_32_BIT_CONVERSION = YES;
				GCC_WARN_ABOUT_RETURN_TYPE = YES_ERROR;
				GCC_WARN_UNDECLARED_SELECTOR = YES;
				GCC_WARN_UNINITIALIZED_AUTOS = YES_AGGRESSIVE;
				GCC_WARN_UNUSED_FUNCTION = YES;
				GCC_WARN_UNUSED_VARIABLE = YES;
				IPHONEOS_DEPLOYMENT_TARGET = 17.4;
				LOCALIZATION_PREFERS_STRING_CATALOGS = YES;
				MTL_ENABLE_DEBUG_INFO = NO;
				MTL_FAST_MATH = YES;
				SDKROOT = iphoneos;
				SWIFT_COMPILATION_MODE = wholemodule;
				VALIDATE_PRODUCT = YES;
			};
			name = Release;
		};
		5BE543462BD8B23500E3BE35 /* Debug */ = {
			isa = XCBuildConfiguration;
			buildSettings = {
				ASSETCATALOG_COMPILER_APPICON_NAME = AppIcon;
				ASSETCATALOG_COMPILER_GLOBAL_ACCENT_COLOR_NAME = AccentColor;
				CODE_SIGN_STYLE = Automatic;
				CURRENT_PROJECT_VERSION = 1;
				DEVELOPMENT_ASSET_PATHS = "\"PlacesAI/Preview Content\"";
				ENABLE_PREVIEWS = YES;
				GENERATE_INFOPLIST_FILE = YES;
				INFOPLIST_KEY_UIApplicationSceneManifest_Generation = YES;
				INFOPLIST_KEY_UIApplicationSupportsIndirectInputEvents = YES;
				INFOPLIST_KEY_UILaunchScreen_Generation = YES;
				INFOPLIST_KEY_UISupportedInterfaceOrientations_iPad = "UIInterfaceOrientationPortrait UIInterfaceOrientationPortraitUpsideDown UIInterfaceOrientationLandscapeLeft UIInterfaceOrientationLandscapeRight";
				INFOPLIST_KEY_UISupportedInterfaceOrientations_iPhone = "UIInterfaceOrientationPortrait UIInterfaceOrientationLandscapeLeft UIInterfaceOrientationLandscapeRight";
				LD_RUNPATH_SEARCH_PATHS = (
					"$(inherited)",
					"@executable_path/Frameworks",
				);
				MARKETING_VERSION = 1.0;
				PRODUCT_BUNDLE_IDENTIFIER = com.jesswift.PlacesAI;
				PRODUCT_NAME = "$(TARGET_NAME)";
				SWIFT_EMIT_LOC_STRINGS = YES;
				SWIFT_VERSION = 5.0;
				TARGETED_DEVICE_FAMILY = "1,2";
			};
			name = Debug;
		};
		5BE543472BD8B23500E3BE35 /* Release */ = {
			isa = XCBuildConfiguration;
			buildSettings = {
				ASSETCATALOG_COMPILER_APPICON_NAME = AppIcon;
				ASSETCATALOG_COMPILER_GLOBAL_ACCENT_COLOR_NAME = AccentColor;
				CODE_SIGN_STYLE = Automatic;
				CURRENT_PROJECT_VERSION = 1;
				DEVELOPMENT_ASSET_PATHS = "\"PlacesAI/Preview Content\"";
				ENABLE_PREVIEWS = YES;
				GENERATE_INFOPLIST_FILE = YES;
				INFOPLIST_KEY_UIApplicationSceneManifest_Generation = YES;
				INFOPLIST_KEY_UIApplicationSupportsIndirectInputEvents = YES;
				INFOPLIST_KEY_UILaunchScreen_Generation = YES;
				INFOPLIST_KEY_UISupportedInterfaceOrientations_iPad = "UIInterfaceOrientationPortrait UIInterfaceOrientationPortraitUpsideDown UIInterfaceOrientationLandscapeLeft UIInterfaceOrientationLandscapeRight";
				INFOPLIST_KEY_UISupportedInterfaceOrientations_iPhone = "UIInterfaceOrientationPortrait UIInterfaceOrientationLandscapeLeft UIInterfaceOrientationLandscapeRight";
				LD_RUNPATH_SEARCH_PATHS = (
					"$(inherited)",
					"@executable_path/Frameworks",
				);
				MARKETING_VERSION = 1.0;
				PRODUCT_BUNDLE_IDENTIFIER = com.jesswift.PlacesAI;
				PRODUCT_NAME = "$(TARGET_NAME)";
				SWIFT_EMIT_LOC_STRINGS = YES;
				SWIFT_VERSION = 5.0;
				TARGETED_DEVICE_FAMILY = "1,2";
			};
			name = Release;
		};
/* End XCBuildConfiguration section */

/* Begin XCConfigurationList section */
		5BE543322BD8B23100E3BE35 /* Build configuration list for PBXProject "PlacesAI" */ = {
			isa = XCConfigurationList;
			buildConfigurations = (
				5BE543432BD8B23500E3BE35 /* Debug */,
				5BE543442BD8B23500E3BE35 /* Release */,
			);
			defaultConfigurationIsVisible = 0;
			defaultConfigurationName = Release;
		};
		5BE543452BD8B23500E3BE35 /* Build configuration list for PBXNativeTarget "PlacesAI" */ = {
			isa = XCConfigurationList;
			buildConfigurations = (
				5BE543462BD8B23500E3BE35 /* Debug */,
				5BE543472BD8B23500E3BE35 /* Release */,
			);
			defaultConfigurationIsVisible = 0;
			defaultConfigurationName = Release;
		};
/* End XCConfigurationList section */

/* Begin XCRemoteSwiftPackageReference section */
		5BE5434D2BD8B39700E3BE35 /* XCRemoteSwiftPackageReference "generative-ai-swift" */ = {
			isa = XCRemoteSwiftPackageReference;
			repositoryURL = "https://github.com/google-gemini/generative-ai-swift.git";
			requirement = {
				kind = upToNextMajorVersion;
				minimumVersion = 0.5.0;
			};
		};
/* End XCRemoteSwiftPackageReference section */

/* Begin XCSwiftPackageProductDependency section */
		5BE5434E2BD8B39700E3BE35 /* GoogleGenerativeAI */ = {
			isa = XCSwiftPackageProductDependency;
			package = 5BE5434D2BD8B39700E3BE35 /* XCRemoteSwiftPackageReference "generative-ai-swift" */;
			productName = GoogleGenerativeAI;
		};
/* End XCSwiftPackageProductDependency section */
	};
	rootObject = 5BE5432F2BD8B23100E3BE35 /* Project object */;
}
